
Microsoft Visual Studio Solution File, Format Version 11.00
# Visual Studio 2010
Project("{2150E333-8FDC-42A3-9474-1A3956D46DE8}") = "iOS", "iOS", "{0A7600F8-D7B4-4B8D-8891-1DEC4C2B577F}"
EndProject
Project("{FAE04EC0-301F-11D3-BF4B-00C04F79EFBC}") = "lastfm-sharp", "lastfm-sharp\lastfm-sharp.csproj", "{D14A113A-F306-4831-9C25-E4B18F6E0C34}"
EndProject
Project("{FAE04EC0-301F-11D3-BF4B-00C04F79EFBC}") = "FlyOutNavigation", "..\FlyOutNavigation\FlyOutNavigation\FlyOutNavigation.csproj", "{E98F7600-6C2E-4586-A78C-D42BA89445B9}"
EndProject
Project("{FAE04EC0-301F-11D3-BF4B-00C04F79EFBC}") = "Xamarin.Tables.iOS", "..\Xamarin.Tables\Xamarin.Tables\Xamarin.Tables.iOS.csproj", "{FFDAC76C-FB0C-4B30-B802-59112659A2D9}"
EndProject
Project("{FAE04EC0-301F-11D3-BF4B-00C04F79EFBC}") = "MonoTouch.Dialog", "..\MonoTouch.Dialog\MonoTouch.Dialog\MonoTouch.Dialog.csproj", "{3FFBFFF8-5560-4EDE-82E5-3FFDFBBA8A50}"
EndProject
Project("{FAE04EC0-301F-11D3-BF4B-00C04F79EFBC}") = "Bass.net", "..\bass.net\Bass.net.csproj", "{9FE5A58A-63A1-4FD0-81AE-289AAA9286E5}"
EndProject
Project("{FAE04EC0-301F-11D3-BF4B-00C04F79EFBC}") = "InstantDatabase", "..\InstantDatabase\InstantDatabase\InstantDatabase.csproj", "{E8B052D6-9C21-4B3F-9520-29D7B38513C5}"
EndProject
Project("{2150E333-8FDC-42A3-9474-1A3956D46DE8}") = "Android", "Android", "{95F08D73-3E88-4642-BD06-231B4CBDFB76}"
EndProject
Project("{FAE04EC0-301F-11D3-BF4B-00C04F79EFBC}") = "Xamarin.Tables.Android", "..\Xamarin.Tables\Xamarin.Tables\Xamarin.Tables.Android.csproj", "{040CA4CF-74E9-419B-A534-EE761D24C8FA}"
EndProject
Project("{FAE04EC0-301F-11D3-BF4B-00C04F79EFBC}") = "SlidingMenu", "..\SlideOutMenu\SlidingMenu\SlidingMenu.csproj", "{C11D182D-CAFB-4AB7-9163-E66716456A62}"
EndProject
Project("{FAE04EC0-301F-11D3-BF4B-00C04F79EFBC}") = "InstantDatabase.Droid", "..\InstantDatabase\InstantDatabase\InstantDatabase.Droid.csproj", "{DAB83EFA-1D12-4F40-A6E9-1F1B5470FAA1}"
EndProject
Project("{FAE04EC0-301F-11D3-BF4B-00C04F79EFBC}") = "MonoDroid.UrlImageStore", "..\MonoDroid.UrlImageStore\MonoDroid.UrlImageStore\MonoDroid.UrlImageStore.csproj", "{1ED6F045-D2FF-4090-8A71-6DE6ADA7492D}"
EndProject
Project("{FAE04EC0-301F-11D3-BF4B-00C04F79EFBC}") = "gMusic.Droid", "gMusic.Droid\gMusic.Droid.csproj", "{C92A0CD3-DB49-46F0-8989-26F325E330D4}"
EndProject
Project("{FAE04EC0-301F-11D3-BF4B-00C04F79EFBC}") = "gMusic.iOS", "gMusic.iOS\gMusic.iOS.csproj", "{5C3B00D5-2912-4F8E-BB8E-13B41DB4B33B}"
EndProject
Global
	GlobalSection(SolutionConfigurationPlatforms) = preSolution
		Debug|iPhoneSimulator = Debug|iPhoneSimulator
		Release|iPhoneSimulator = Release|iPhoneSimulator
		Debug|iPhone = Debug|iPhone
		Release|iPhone = Release|iPhone
		MonoTouch|Any CPU = MonoTouch|Any CPU
		Ad-Hoc|iPhone = Ad-Hoc|iPhone
		AppStore|iPhone = AppStore|iPhone
	EndGlobalSection
	GlobalSection(ProjectConfigurationPlatforms) = postSolution
		{040CA4CF-74E9-419B-A534-EE761D24C8FA}.Ad-Hoc|iPhone.ActiveCfg = Release|Any CPU
		{040CA4CF-74E9-419B-A534-EE761D24C8FA}.Ad-Hoc|iPhone.Build.0 = Release|Any CPU
		{040CA4CF-74E9-419B-A534-EE761D24C8FA}.AppStore|iPhone.ActiveCfg = Release|Any CPU
		{040CA4CF-74E9-419B-A534-EE761D24C8FA}.AppStore|iPhone.Build.0 = Release|Any CPU
		{040CA4CF-74E9-419B-A534-EE761D24C8FA}.Debug|iPhone.ActiveCfg = Debug|Any CPU
		{040CA4CF-74E9-419B-A534-EE761D24C8FA}.Debug|iPhone.Build.0 = Debug|Any CPU
		{040CA4CF-74E9-419B-A534-EE761D24C8FA}.Debug|iPhoneSimulator.ActiveCfg = Debug|Any CPU
		{040CA4CF-74E9-419B-A534-EE761D24C8FA}.Debug|iPhoneSimulator.Build.0 = Debug|Any CPU
		{040CA4CF-74E9-419B-A534-EE761D24C8FA}.MonoTouch|Any CPU.ActiveCfg = Debug|Any CPU
		{040CA4CF-74E9-419B-A534-EE761D24C8FA}.MonoTouch|Any CPU.Build.0 = Debug|Any CPU
		{040CA4CF-74E9-419B-A534-EE761D24C8FA}.Release|iPhone.ActiveCfg = Release|Any CPU
		{040CA4CF-74E9-419B-A534-EE761D24C8FA}.Release|iPhone.Build.0 = Release|Any CPU
		{040CA4CF-74E9-419B-A534-EE761D24C8FA}.Release|iPhoneSimulator.ActiveCfg = Release|Any CPU
		{040CA4CF-74E9-419B-A534-EE761D24C8FA}.Release|iPhoneSimulator.Build.0 = Release|Any CPU
		{1ED6F045-D2FF-4090-8A71-6DE6ADA7492D}.Ad-Hoc|iPhone.ActiveCfg = Release|Any CPU
		{1ED6F045-D2FF-4090-8A71-6DE6ADA7492D}.Ad-Hoc|iPhone.Build.0 = Release|Any CPU
		{1ED6F045-D2FF-4090-8A71-6DE6ADA7492D}.AppStore|iPhone.ActiveCfg = Release|Any CPU
		{1ED6F045-D2FF-4090-8A71-6DE6ADA7492D}.AppStore|iPhone.Build.0 = Release|Any CPU
		{1ED6F045-D2FF-4090-8A71-6DE6ADA7492D}.Debug|iPhone.ActiveCfg = Debug|Any CPU
		{1ED6F045-D2FF-4090-8A71-6DE6ADA7492D}.Debug|iPhone.Build.0 = Debug|Any CPU
		{1ED6F045-D2FF-4090-8A71-6DE6ADA7492D}.Debug|iPhoneSimulator.ActiveCfg = Debug|Any CPU
		{1ED6F045-D2FF-4090-8A71-6DE6ADA7492D}.Debug|iPhoneSimulator.Build.0 = Debug|Any CPU
		{1ED6F045-D2FF-4090-8A71-6DE6ADA7492D}.MonoTouch|Any CPU.ActiveCfg = Debug|Any CPU
		{1ED6F045-D2FF-4090-8A71-6DE6ADA7492D}.MonoTouch|Any CPU.Build.0 = Debug|Any CPU
		{1ED6F045-D2FF-4090-8A71-6DE6ADA7492D}.Release|iPhone.ActiveCfg = Release|Any CPU
		{1ED6F045-D2FF-4090-8A71-6DE6ADA7492D}.Release|iPhone.Build.0 = Release|Any CPU
		{1ED6F045-D2FF-4090-8A71-6DE6ADA7492D}.Release|iPhoneSimulator.ActiveCfg = Release|Any CPU
		{1ED6F045-D2FF-4090-8A71-6DE6ADA7492D}.Release|iPhoneSimulator.Build.0 = Release|Any CPU
		{3FFBFFF8-5560-4EDE-82E5-3FFDFBBA8A50}.Ad-Hoc|iPhone.ActiveCfg = Debug|iPhone
		{3FFBFFF8-5560-4EDE-82E5-3FFDFBBA8A50}.Ad-Hoc|iPhone.Build.0 = Debug|iPhone
		{3FFBFFF8-5560-4EDE-82E5-3FFDFBBA8A50}.AppStore|iPhone.ActiveCfg = Debug|iPhone
		{3FFBFFF8-5560-4EDE-82E5-3FFDFBBA8A50}.AppStore|iPhone.Build.0 = Debug|iPhone
		{3FFBFFF8-5560-4EDE-82E5-3FFDFBBA8A50}.Debug|iPhone.ActiveCfg = Debug|iPhone
		{3FFBFFF8-5560-4EDE-82E5-3FFDFBBA8A50}.Debug|iPhone.Build.0 = Debug|iPhone
		{3FFBFFF8-5560-4EDE-82E5-3FFDFBBA8A50}.Debug|iPhoneSimulator.ActiveCfg = Debug|iPhoneSimulator
		{3FFBFFF8-5560-4EDE-82E5-3FFDFBBA8A50}.Debug|iPhoneSimulator.Build.0 = Debug|iPhoneSimulator
		{3FFBFFF8-5560-4EDE-82E5-3FFDFBBA8A50}.MonoTouch|Any CPU.ActiveCfg = Debug|iPhoneSimulator
		{3FFBFFF8-5560-4EDE-82E5-3FFDFBBA8A50}.MonoTouch|Any CPU.Build.0 = Debug|iPhoneSimulator
		{3FFBFFF8-5560-4EDE-82E5-3FFDFBBA8A50}.Release|iPhone.ActiveCfg = Release|iPhone
		{3FFBFFF8-5560-4EDE-82E5-3FFDFBBA8A50}.Release|iPhone.Build.0 = Release|iPhone
		{3FFBFFF8-5560-4EDE-82E5-3FFDFBBA8A50}.Release|iPhoneSimulator.ActiveCfg = Release|iPhoneSimulator
		{3FFBFFF8-5560-4EDE-82E5-3FFDFBBA8A50}.Release|iPhoneSimulator.Build.0 = Release|iPhoneSimulator
		{5C3B00D5-2912-4F8E-BB8E-13B41DB4B33B}.Ad-Hoc|iPhone.ActiveCfg = Ad-Hoc|iPhone
		{5C3B00D5-2912-4F8E-BB8E-13B41DB4B33B}.Ad-Hoc|iPhone.Build.0 = Ad-Hoc|iPhone
		{5C3B00D5-2912-4F8E-BB8E-13B41DB4B33B}.AppStore|iPhone.ActiveCfg = AppStore|iPhone
		{5C3B00D5-2912-4F8E-BB8E-13B41DB4B33B}.AppStore|iPhone.Build.0 = AppStore|iPhone
		{5C3B00D5-2912-4F8E-BB8E-13B41DB4B33B}.Debug|iPhone.ActiveCfg = Debug|iPhone
		{5C3B00D5-2912-4F8E-BB8E-13B41DB4B33B}.Debug|iPhone.Build.0 = Debug|iPhone
		{5C3B00D5-2912-4F8E-BB8E-13B41DB4B33B}.Debug|iPhoneSimulator.ActiveCfg = Debug|iPhoneSimulator
		{5C3B00D5-2912-4F8E-BB8E-13B41DB4B33B}.Debug|iPhoneSimulator.Build.0 = Debug|iPhoneSimulator
		{5C3B00D5-2912-4F8E-BB8E-13B41DB4B33B}.MonoTouch|Any CPU.ActiveCfg = Debug|iPhoneSimulator
		{5C3B00D5-2912-4F8E-BB8E-13B41DB4B33B}.MonoTouch|Any CPU.Build.0 = Debug|iPhoneSimulator
		{5C3B00D5-2912-4F8E-BB8E-13B41DB4B33B}.Release|iPhone.ActiveCfg = Release|iPhone
		{5C3B00D5-2912-4F8E-BB8E-13B41DB4B33B}.Release|iPhone.Build.0 = Release|iPhone
		{5C3B00D5-2912-4F8E-BB8E-13B41DB4B33B}.Release|iPhoneSimulator.ActiveCfg = Release|iPhoneSimulator
		{5C3B00D5-2912-4F8E-BB8E-13B41DB4B33B}.Release|iPhoneSimulator.Build.0 = Release|iPhoneSimulator
		{9FE5A58A-63A1-4FD0-81AE-289AAA9286E5}.Ad-Hoc|iPhone.ActiveCfg = Release|Any CPU
		{9FE5A58A-63A1-4FD0-81AE-289AAA9286E5}.Ad-Hoc|iPhone.Build.0 = Release|Any CPU
		{9FE5A58A-63A1-4FD0-81AE-289AAA9286E5}.AppStore|iPhone.ActiveCfg = Release|Any CPU
		{9FE5A58A-63A1-4FD0-81AE-289AAA9286E5}.AppStore|iPhone.Build.0 = Release|Any CPU
		{9FE5A58A-63A1-4FD0-81AE-289AAA9286E5}.Debug|iPhone.ActiveCfg = Debug|Any CPU
		{9FE5A58A-63A1-4FD0-81AE-289AAA9286E5}.Debug|iPhone.Build.0 = Debug|Any CPU
		{9FE5A58A-63A1-4FD0-81AE-289AAA9286E5}.Debug|iPhoneSimulator.ActiveCfg = Debug|Any CPU
		{9FE5A58A-63A1-4FD0-81AE-289AAA9286E5}.Debug|iPhoneSimulator.Build.0 = Debug|Any CPU
		{9FE5A58A-63A1-4FD0-81AE-289AAA9286E5}.MonoTouch|Any CPU.ActiveCfg = Debug|Any CPU
		{9FE5A58A-63A1-4FD0-81AE-289AAA9286E5}.MonoTouch|Any CPU.Build.0 = Debug|Any CPU
		{9FE5A58A-63A1-4FD0-81AE-289AAA9286E5}.Release|iPhone.ActiveCfg = Release|Any CPU
		{9FE5A58A-63A1-4FD0-81AE-289AAA9286E5}.Release|iPhone.Build.0 = Release|Any CPU
		{9FE5A58A-63A1-4FD0-81AE-289AAA9286E5}.Release|iPhoneSimulator.ActiveCfg = Release|Any CPU
		{9FE5A58A-63A1-4FD0-81AE-289AAA9286E5}.Release|iPhoneSimulator.Build.0 = Release|Any CPU
		{C11D182D-CAFB-4AB7-9163-E66716456A62}.Ad-Hoc|iPhone.ActiveCfg = Release|Any CPU
		{C11D182D-CAFB-4AB7-9163-E66716456A62}.Ad-Hoc|iPhone.Build.0 = Release|Any CPU
		{C11D182D-CAFB-4AB7-9163-E66716456A62}.AppStore|iPhone.ActiveCfg = Release|Any CPU
		{C11D182D-CAFB-4AB7-9163-E66716456A62}.AppStore|iPhone.Build.0 = Release|Any CPU
		{C11D182D-CAFB-4AB7-9163-E66716456A62}.Debug|iPhone.ActiveCfg = Debug|Any CPU
		{C11D182D-CAFB-4AB7-9163-E66716456A62}.Debug|iPhone.Build.0 = Debug|Any CPU
		{C11D182D-CAFB-4AB7-9163-E66716456A62}.Debug|iPhoneSimulator.ActiveCfg = Debug|Any CPU
		{C11D182D-CAFB-4AB7-9163-E66716456A62}.Debug|iPhoneSimulator.Build.0 = Debug|Any CPU
		{C11D182D-CAFB-4AB7-9163-E66716456A62}.MonoTouch|Any CPU.ActiveCfg = Debug|Any CPU
		{C11D182D-CAFB-4AB7-9163-E66716456A62}.MonoTouch|Any CPU.Build.0 = Debug|Any CPU
		{C11D182D-CAFB-4AB7-9163-E66716456A62}.Release|iPhone.ActiveCfg = Release|Any CPU
		{C11D182D-CAFB-4AB7-9163-E66716456A62}.Release|iPhone.Build.0 = Release|Any CPU
		{C11D182D-CAFB-4AB7-9163-E66716456A62}.Release|iPhoneSimulator.ActiveCfg = Release|Any CPU
		{C11D182D-CAFB-4AB7-9163-E66716456A62}.Release|iPhoneSimulator.Build.0 = Release|Any CPU
		{C92A0CD3-DB49-46F0-8989-26F325E330D4}.Ad-Hoc|iPhone.ActiveCfg = Release|Any CPU
		{C92A0CD3-DB49-46F0-8989-26F325E330D4}.Ad-Hoc|iPhone.Build.0 = Release|Any CPU
		{C92A0CD3-DB49-46F0-8989-26F325E330D4}.AppStore|iPhone.ActiveCfg = Release|Any CPU
		{C92A0CD3-DB49-46F0-8989-26F325E330D4}.AppStore|iPhone.Build.0 = Release|Any CPU
		{C92A0CD3-DB49-46F0-8989-26F325E330D4}.Debug|iPhone.ActiveCfg = Debug|Any CPU
		{C92A0CD3-DB49-46F0-8989-26F325E330D4}.Debug|iPhone.Build.0 = Debug|Any CPU
		{C92A0CD3-DB49-46F0-8989-26F325E330D4}.Debug|iPhoneSimulator.ActiveCfg = Debug|Any CPU
		{C92A0CD3-DB49-46F0-8989-26F325E330D4}.Debug|iPhoneSimulator.Build.0 = Debug|Any CPU
		{C92A0CD3-DB49-46F0-8989-26F325E330D4}.MonoTouch|Any CPU.ActiveCfg = Debug|Any CPU
		{C92A0CD3-DB49-46F0-8989-26F325E330D4}.MonoTouch|Any CPU.Build.0 = Debug|Any CPU
		{C92A0CD3-DB49-46F0-8989-26F325E330D4}.Release|iPhone.ActiveCfg = Release|Any CPU
		{C92A0CD3-DB49-46F0-8989-26F325E330D4}.Release|iPhone.Build.0 = Release|Any CPU
		{C92A0CD3-DB49-46F0-8989-26F325E330D4}.Release|iPhoneSimulator.ActiveCfg = Release|Any CPU
		{C92A0CD3-DB49-46F0-8989-26F325E330D4}.Release|iPhoneSimulator.Build.0 = Release|Any CPU
		{D14A113A-F306-4831-9C25-E4B18F6E0C34}.Ad-Hoc|iPhone.ActiveCfg = Debug|Any CPU
		{D14A113A-F306-4831-9C25-E4B18F6E0C34}.Ad-Hoc|iPhone.Build.0 = Debug|Any CPU
		{D14A113A-F306-4831-9C25-E4B18F6E0C34}.AppStore|iPhone.ActiveCfg = Debug|Any CPU
		{D14A113A-F306-4831-9C25-E4B18F6E0C34}.AppStore|iPhone.Build.0 = Debug|Any CPU
		{D14A113A-F306-4831-9C25-E4B18F6E0C34}.Debug|iPhone.ActiveCfg = Debug|Any CPU
		{D14A113A-F306-4831-9C25-E4B18F6E0C34}.Debug|iPhone.Build.0 = Debug|Any CPU
		{D14A113A-F306-4831-9C25-E4B18F6E0C34}.Debug|iPhoneSimulator.ActiveCfg = Debug|Any CPU
		{D14A113A-F306-4831-9C25-E4B18F6E0C34}.Debug|iPhoneSimulator.Build.0 = Debug|Any CPU
		{D14A113A-F306-4831-9C25-E4B18F6E0C34}.MonoTouch|Any CPU.ActiveCfg = Debug|Any CPU
		{D14A113A-F306-4831-9C25-E4B18F6E0C34}.MonoTouch|Any CPU.Build.0 = Debug|Any CPU
		{D14A113A-F306-4831-9C25-E4B18F6E0C34}.Release|iPhone.ActiveCfg = Release|Any CPU
		{D14A113A-F306-4831-9C25-E4B18F6E0C34}.Release|iPhone.Build.0 = Release|Any CPU
		{D14A113A-F306-4831-9C25-E4B18F6E0C34}.Release|iPhoneSimulator.ActiveCfg = Release|Any CPU
		{D14A113A-F306-4831-9C25-E4B18F6E0C34}.Release|iPhoneSimulator.Build.0 = Release|Any CPU
		{DAB83EFA-1D12-4F40-A6E9-1F1B5470FAA1}.Ad-Hoc|iPhone.ActiveCfg = Release|Any CPU
		{DAB83EFA-1D12-4F40-A6E9-1F1B5470FAA1}.Ad-Hoc|iPhone.Build.0 = Release|Any CPU
		{DAB83EFA-1D12-4F40-A6E9-1F1B5470FAA1}.AppStore|iPhone.ActiveCfg = Release|Any CPU
		{DAB83EFA-1D12-4F40-A6E9-1F1B5470FAA1}.AppStore|iPhone.Build.0 = Release|Any CPU
		{DAB83EFA-1D12-4F40-A6E9-1F1B5470FAA1}.Debug|iPhone.ActiveCfg = Debug|Any CPU
		{DAB83EFA-1D12-4F40-A6E9-1F1B5470FAA1}.Debug|iPhone.Build.0 = Debug|Any CPU
		{DAB83EFA-1D12-4F40-A6E9-1F1B5470FAA1}.Debug|iPhoneSimulator.ActiveCfg = Debug|Any CPU
		{DAB83EFA-1D12-4F40-A6E9-1F1B5470FAA1}.Debug|iPhoneSimulator.Build.0 = Debug|Any CPU
		{DAB83EFA-1D12-4F40-A6E9-1F1B5470FAA1}.MonoTouch|Any CPU.ActiveCfg = Debug|Any CPU
		{DAB83EFA-1D12-4F40-A6E9-1F1B5470FAA1}.MonoTouch|Any CPU.Build.0 = Debug|Any CPU
		{DAB83EFA-1D12-4F40-A6E9-1F1B5470FAA1}.Release|iPhone.ActiveCfg = Release|Any CPU
		{DAB83EFA-1D12-4F40-A6E9-1F1B5470FAA1}.Release|iPhone.Build.0 = Release|Any CPU
		{DAB83EFA-1D12-4F40-A6E9-1F1B5470FAA1}.Release|iPhoneSimulator.ActiveCfg = Release|Any CPU
		{DAB83EFA-1D12-4F40-A6E9-1F1B5470FAA1}.Release|iPhoneSimulator.Build.0 = Release|Any CPU
		{E8B052D6-9C21-4B3F-9520-29D7B38513C5}.Ad-Hoc|iPhone.ActiveCfg = Release|Any CPU
		{E8B052D6-9C21-4B3F-9520-29D7B38513C5}.Ad-Hoc|iPhone.Build.0 = Release|Any CPU
		{E8B052D6-9C21-4B3F-9520-29D7B38513C5}.AppStore|iPhone.ActiveCfg = Release|Any CPU
		{E8B052D6-9C21-4B3F-9520-29D7B38513C5}.AppStore|iPhone.Build.0 = Release|Any CPU
		{E8B052D6-9C21-4B3F-9520-29D7B38513C5}.Debug|iPhone.ActiveCfg = Debug|Any CPU
		{E8B052D6-9C21-4B3F-9520-29D7B38513C5}.Debug|iPhone.Build.0 = Debug|Any CPU
		{E8B052D6-9C21-4B3F-9520-29D7B38513C5}.Debug|iPhoneSimulator.ActiveCfg = Debug|Any CPU
		{E8B052D6-9C21-4B3F-9520-29D7B38513C5}.Debug|iPhoneSimulator.Build.0 = Debug|Any CPU
		{E8B052D6-9C21-4B3F-9520-29D7B38513C5}.MonoTouch|Any CPU.ActiveCfg = Debug|Any CPU
		{E8B052D6-9C21-4B3F-9520-29D7B38513C5}.MonoTouch|Any CPU.Build.0 = Debug|Any CPU
		{E8B052D6-9C21-4B3F-9520-29D7B38513C5}.Release|iPhone.ActiveCfg = Release|Any CPU
		{E8B052D6-9C21-4B3F-9520-29D7B38513C5}.Release|iPhone.Build.0 = Release|Any CPU
		{E8B052D6-9C21-4B3F-9520-29D7B38513C5}.Release|iPhoneSimulator.ActiveCfg = Release|Any CPU
		{E8B052D6-9C21-4B3F-9520-29D7B38513C5}.Release|iPhoneSimulator.Build.0 = Release|Any CPU
		{E98F7600-6C2E-4586-A78C-D42BA89445B9}.Ad-Hoc|iPhone.ActiveCfg = Debug|Any CPU
		{E98F7600-6C2E-4586-A78C-D42BA89445B9}.Ad-Hoc|iPhone.Build.0 = Debug|Any CPU
		{E98F7600-6C2E-4586-A78C-D42BA89445B9}.AppStore|iPhone.ActiveCfg = Debug|Any CPU
		{E98F7600-6C2E-4586-A78C-D42BA89445B9}.AppStore|iPhone.Build.0 = Debug|Any CPU
		{E98F7600-6C2E-4586-A78C-D42BA89445B9}.Debug|iPhone.ActiveCfg = Debug|Any CPU
		{E98F7600-6C2E-4586-A78C-D42BA89445B9}.Debug|iPhone.Build.0 = Debug|Any CPU
		{E98F7600-6C2E-4586-A78C-D42BA89445B9}.Debug|iPhoneSimulator.ActiveCfg = Debug|Any CPU
		{E98F7600-6C2E-4586-A78C-D42BA89445B9}.Debug|iPhoneSimulator.Build.0 = Debug|Any CPU
		{E98F7600-6C2E-4586-A78C-D42BA89445B9}.MonoTouch|Any CPU.ActiveCfg = Debug|Any CPU
		{E98F7600-6C2E-4586-A78C-D42BA89445B9}.MonoTouch|Any CPU.Build.0 = Debug|Any CPU
		{E98F7600-6C2E-4586-A78C-D42BA89445B9}.Release|iPhone.ActiveCfg = Release|Any CPU
		{E98F7600-6C2E-4586-A78C-D42BA89445B9}.Release|iPhone.Build.0 = Release|Any CPU
		{E98F7600-6C2E-4586-A78C-D42BA89445B9}.Release|iPhoneSimulator.ActiveCfg = Release|Any CPU
		{E98F7600-6C2E-4586-A78C-D42BA89445B9}.Release|iPhoneSimulator.Build.0 = Release|Any CPU
		{FFDAC76C-FB0C-4B30-B802-59112659A2D9}.Ad-Hoc|iPhone.ActiveCfg = Release|Any CPU
		{FFDAC76C-FB0C-4B30-B802-59112659A2D9}.Ad-Hoc|iPhone.Build.0 = Release|Any CPU
		{FFDAC76C-FB0C-4B30-B802-59112659A2D9}.AppStore|iPhone.ActiveCfg = Release|Any CPU
		{FFDAC76C-FB0C-4B30-B802-59112659A2D9}.AppStore|iPhone.Build.0 = Release|Any CPU
		{FFDAC76C-FB0C-4B30-B802-59112659A2D9}.Debug|iPhone.ActiveCfg = Debug|Any CPU
		{FFDAC76C-FB0C-4B30-B802-59112659A2D9}.Debug|iPhone.Build.0 = Debug|Any CPU
		{FFDAC76C-FB0C-4B30-B802-59112659A2D9}.Debug|iPhoneSimulator.ActiveCfg = Debug|Any CPU
		{FFDAC76C-FB0C-4B30-B802-59112659A2D9}.Debug|iPhoneSimulator.Build.0 = Debug|Any CPU
		{FFDAC76C-FB0C-4B30-B802-59112659A2D9}.MonoTouch|Any CPU.ActiveCfg = Debug|Any CPU
		{FFDAC76C-FB0C-4B30-B802-59112659A2D9}.MonoTouch|Any CPU.Build.0 = Debug|Any CPU
		{FFDAC76C-FB0C-4B30-B802-59112659A2D9}.Release|iPhone.ActiveCfg = Release|Any CPU
		{FFDAC76C-FB0C-4B30-B802-59112659A2D9}.Release|iPhone.Build.0 = Release|Any CPU
		{FFDAC76C-FB0C-4B30-B802-59112659A2D9}.Release|iPhoneSimulator.ActiveCfg = Release|Any CPU
		{FFDAC76C-FB0C-4B30-B802-59112659A2D9}.Release|iPhoneSimulator.Build.0 = Release|Any CPU
	EndGlobalSection
	GlobalSection(NestedProjects) = preSolution
		{D14A113A-F306-4831-9C25-E4B18F6E0C34} = {0A7600F8-D7B4-4B8D-8891-1DEC4C2B577F}
		{E98F7600-6C2E-4586-A78C-D42BA89445B9} = {0A7600F8-D7B4-4B8D-8891-1DEC4C2B577F}
		{FFDAC76C-FB0C-4B30-B802-59112659A2D9} = {0A7600F8-D7B4-4B8D-8891-1DEC4C2B577F}
		{3FFBFFF8-5560-4EDE-82E5-3FFDFBBA8A50} = {0A7600F8-D7B4-4B8D-8891-1DEC4C2B577F}
		{9FE5A58A-63A1-4FD0-81AE-289AAA9286E5} = {0A7600F8-D7B4-4B8D-8891-1DEC4C2B577F}
		{E8B052D6-9C21-4B3F-9520-29D7B38513C5} = {0A7600F8-D7B4-4B8D-8891-1DEC4C2B577F}
		{040CA4CF-74E9-419B-A534-EE761D24C8FA} = {95F08D73-3E88-4642-BD06-231B4CBDFB76}
		{C11D182D-CAFB-4AB7-9163-E66716456A62} = {95F08D73-3E88-4642-BD06-231B4CBDFB76}
		{DAB83EFA-1D12-4F40-A6E9-1F1B5470FAA1} = {95F08D73-3E88-4642-BD06-231B4CBDFB76}
		{1ED6F045-D2FF-4090-8A71-6DE6ADA7492D} = {95F08D73-3E88-4642-BD06-231B4CBDFB76}
	EndGlobalSection
	GlobalSection(MonoDevelopProperties) = preSolution
		StartupItem = gMusic.iOS\gMusic.iOS.csproj
	EndGlobalSection
EndGlobal
