
Microsoft Visual Studio Solution File, Format Version 11.00
# Visual Studio 2010
Project("{FAE04EC0-301F-11D3-BF4B-00C04F79EFBC}") = "Redth.MonoForAndroid.SectionedListAdapter", "Redth.MonoForAndroid.SectionedListAdapter\Redth.MonoForAndroid.SectionedListAdapter.csproj", "{C9B364AD-FAAB-4437-9463-7358657F80FB}"
EndProject
Global
	GlobalSection(SolutionConfigurationPlatforms) = preSolution
		Debug|Any CPU = Debug|Any CPU
		Release|Any CPU = Release|Any CPU
	EndGlobalSection
	GlobalSection(ProjectConfigurationPlatforms) = postSolution
		{C9B364AD-FAAB-4437-9463-7358657F80FB}.Debug|Any CPU.ActiveCfg = Debug|Any CPU
		{C9B364AD-FAAB-4437-9463-7358657F80FB}.Debug|Any CPU.Build.0 = Debug|Any CPU
		{C9B364AD-FAAB-4437-9463-7358657F80FB}.Release|Any CPU.ActiveCfg = Release|Any CPU
		{C9B364AD-FAAB-4437-9463-7358657F80FB}.Release|Any CPU.Build.0 = Release|Any CPU
	EndGlobalSection
	GlobalSection(MonoDevelopProperties) = preSolution
		StartupItem = Redth.MonoForAndroid.SectionedListAdapter\Redth.MonoForAndroid.SectionedListAdapter.csproj
	EndGlobalSection
EndGlobal
